// !$*UTF8*$!
{
	archiveVersion = 1;
	classes = {
	};
	objectVersion = 46;
	objects = {

/* Begin PBXBuildFile section */
		39DF536F1BDDC15B00CC5947 /* main.m in Sources */ = {isa = PBXBuildFile; fileRef = 39DF536E1BDDC15B00CC5947 /* main.m */; };
		39DF53721BDDC15B00CC5947 /* AppDelegate.m in Sources */ = {isa = PBXBuildFile; fileRef = 39DF53711BDDC15B00CC5947 /* AppDelegate.m */; };
		39DF53751BDDC15B00CC5947 /* ViewController.m in Sources */ = {isa = PBXBuildFile; fileRef = 39DF53741BDDC15B00CC5947 /* ViewController.m */; };
		39DF537A1BDDC15B00CC5947 /* Assets.xcassets in Resources */ = {isa = PBXBuildFile; fileRef = 39DF53791BDDC15B00CC5947 /* Assets.xcassets */; };
		39DF537D1BDDC15B00CC5947 /* LaunchScreen.storyboard in Resources */ = {isa = PBXBuildFile; fileRef = 39DF537B1BDDC15B00CC5947 /* LaunchScreen.storyboard */; };
		39DF53881BDDC15B00CC5947 /* ConstraintsInScrollViewTests.m in Sources */ = {isa = PBXBuildFile; fileRef = 39DF53871BDDC15B00CC5947 /* ConstraintsInScrollViewTests.m */; };
		39DF53931BDDC15B00CC5947 /* ConstraintsInScrollViewUITests.m in Sources */ = {isa = PBXBuildFile; fileRef = 39DF53921BDDC15B00CC5947 /* ConstraintsInScrollViewUITests.m */; };
		39DF53A31BDDC22E00CC5947 /* CJMainViewController.m in Sources */ = {isa = PBXBuildFile; fileRef = 39DF53A11BDDC22E00CC5947 /* CJMainViewController.m */; };
		39DF53A41BDDC22E00CC5947 /* CJMainViewController.xib in Resources */ = {isa = PBXBuildFile; fileRef = 39DF53A21BDDC22E00CC5947 /* CJMainViewController.xib */; };
/* End PBXBuildFile section */

/* Begin PBXContainerItemProxy section */
		39DF53841BDDC15B00CC5947 /* PBXContainerItemProxy */ = {
			isa = PBXContainerItemProxy;
			containerPortal = 39DF53621BDDC15B00CC5947 /* Project object */;
			proxyType = 1;
			remoteGlobalIDString = 39DF53691BDDC15B00CC5947;
			remoteInfo = ConstraintsInScrollView;
		};
		39DF538F1BDDC15B00CC5947 /* PBXContainerItemProxy */ = {
			isa = PBXContainerItemProxy;
			containerPortal = 39DF53621BDDC15B00CC5947 /* Project object */;
			proxyType = 1;
			remoteGlobalIDString = 39DF53691BDDC15B00CC5947;
			remoteInfo = ConstraintsInScrollView;
		};
/* End PBXContainerItemProxy section */

/* Begin PBXFileReference section */
		39DF536A1BDDC15B00CC5947 /* ConstraintsInScrollView.app */ = {isa = PBXFileReference; explicitFileType = wrapper.application; includeInIndex = 0; path = ConstraintsInScrollView.app; sourceTree = BUILT_PRODUCTS_DIR; };
		39DF536E1BDDC15B00CC5947 /* main.m */ = {isa = PBXFileReference; lastKnownFileType = sourcecode.c.objc; path = main.m; sourceTree = "<group>"; };
		39DF53701BDDC15B00CC5947 /* AppDelegate.h */ = {isa = PBXFileReference; lastKnownFileType = sourcecode.c.h; path = AppDelegate.h; sourceTree = "<group>"; };
		39DF53711BDDC15B00CC5947 /* AppDelegate.m */ = {isa = PBXFileReference; lastKnownFileType = sourcecode.c.objc; path = AppDelegate.m; sourceTree = "<group>"; };
		39DF53731BDDC15B00CC5947 /* ViewController.h */ = {isa = PBXFileReference; lastKnownFileType = sourcecode.c.h; path = ViewController.h; sourceTree = "<group>"; };
		39DF53741BDDC15B00CC5947 /* ViewController.m */ = {isa = PBXFileReference; lastKnownFileType = sourcecode.c.objc; path = ViewController.m; sourceTree = "<group>"; };
		39DF53791BDDC15B00CC5947 /* Assets.xcassets */ = {isa = PBXFileReference; lastKnownFileType = folder.assetcatalog; path = Assets.xcassets; sourceTree = "<group>"; };
		39DF537C1BDDC15B00CC5947 /* Base */ = {isa = PBXFileReference; lastKnownFileType = file.storyboard; name = Base; path = Base.lproj/LaunchScreen.storyboard; sourceTree = "<group>"; };
		39DF537E1BDDC15B00CC5947 /* Info.plist */ = {isa = PBXFileReference; lastKnownFileType = text.plist.xml; path = Info.plist; sourceTree = "<group>"; };
		39DF53831BDDC15B00CC5947 /* ConstraintsInScrollViewTests.xctest */ = {isa = PBXFileReference; explicitFileType = wrapper.cfbundle; includeInIndex = 0; path = ConstraintsInScrollViewTests.xctest; sourceTree = BUILT_PRODUCTS_DIR; };
		39DF53871BDDC15B00CC5947 /* ConstraintsInScrollViewTests.m */ = {isa = PBXFileReference; lastKnownFileType = sourcecode.c.objc; path = ConstraintsInScrollViewTests.m; sourceTree = "<group>"; };
		39DF53891BDDC15B00CC5947 /* Info.plist */ = {isa = PBXFileReference; lastKnownFileType = text.plist.xml; path = Info.plist; sourceTree = "<group>"; };
		39DF538E1BDDC15B00CC5947 /* ConstraintsInScrollViewUITests.xctest */ = {isa = PBXFileReference; explicitFileType = wrapper.cfbundle; includeInIndex = 0; path = ConstraintsInScrollViewUITests.xctest; sourceTree = BUILT_PRODUCTS_DIR; };
		39DF53921BDDC15B00CC5947 /* ConstraintsInScrollViewUITests.m */ = {isa = PBXFileReference; lastKnownFileType = sourcecode.c.objc; path = ConstraintsInScrollViewUITests.m; sourceTree = "<group>"; };
		39DF53941BDDC15B00CC5947 /* Info.plist */ = {isa = PBXFileReference; lastKnownFileType = text.plist.xml; path = Info.plist; sourceTree = "<group>"; };
		39DF53A01BDDC22E00CC5947 /* CJMainViewController.h */ = {isa = PBXFileReference; fileEncoding = 4; lastKnownFileType = sourcecode.c.h; path = CJMainViewController.h; sourceTree = "<group>"; };
		39DF53A11BDDC22E00CC5947 /* CJMainViewController.m */ = {isa = PBXFileReference; fileEncoding = 4; lastKnownFileType = sourcecode.c.objc; path = CJMainViewController.m; sourceTree = "<group>"; };
		39DF53A21BDDC22E00CC5947 /* CJMainViewController.xib */ = {isa = PBXFileReference; fileEncoding = 4; lastKnownFileType = file.xib; path = CJMainViewController.xib; sourceTree = "<group>"; };
/* End PBXFileReference section */

/* Begin PBXFrameworksBuildPhase section */
		39DF53671BDDC15B00CC5947 /* Frameworks */ = {
			isa = PBXFrameworksBuildPhase;
			buildActionMask = 2147483647;
			files = (
			);
			runOnlyForDeploymentPostprocessing = 0;
		};
		39DF53801BDDC15B00CC5947 /* Frameworks */ = {
			isa = PBXFrameworksBuildPhase;
			buildActionMask = 2147483647;
			files = (
			);
			runOnlyForDeploymentPostprocessing = 0;
		};
		39DF538B1BDDC15B00CC5947 /* Frameworks */ = {
			isa = PBXFrameworksBuildPhase;
			buildActionMask = 2147483647;
			files = (
			);
			runOnlyForDeploymentPostprocessing = 0;
		};
/* End PBXFrameworksBuildPhase section */

/* Begin PBXGroup section */
		39DF53611BDDC15B00CC5947 = {
			isa = PBXGroup;
			children = (
				39DF536C1BDDC15B00CC5947 /* ConstraintsInScrollView */,
				39DF53861BDDC15B00CC5947 /* ConstraintsInScrollViewTests */,
				39DF53911BDDC15B00CC5947 /* ConstraintsInScrollViewUITests */,
				39DF536B1BDDC15B00CC5947 /* Products */,
			);
			sourceTree = "<group>";
		};
		39DF536B1BDDC15B00CC5947 /* Products */ = {
			isa = PBXGroup;
			children = (
				39DF536A1BDDC15B00CC5947 /* ConstraintsInScrollView.app */,
				39DF53831BDDC15B00CC5947 /* ConstraintsInScrollViewTests.xctest */,
				39DF538E1BDDC15B00CC5947 /* ConstraintsInScrollViewUITests.xctest */,
			);
			name = Products;
			sourceTree = "<group>";
		};
		39DF536C1BDDC15B00CC5947 /* ConstraintsInScrollView */ = {
			isa = PBXGroup;
			children = (
				39DF53701BDDC15B00CC5947 /* AppDelegate.h */,
				39DF53711BDDC15B00CC5947 /* AppDelegate.m */,
				39DF53731BDDC15B00CC5947 /* ViewController.h */,
				39DF53741BDDC15B00CC5947 /* ViewController.m */,
				39DF53A01BDDC22E00CC5947 /* CJMainViewController.h */,
				39DF53A11BDDC22E00CC5947 /* CJMainViewController.m */,
				39DF53A21BDDC22E00CC5947 /* CJMainViewController.xib */,
				39DF53791BDDC15B00CC5947 /* Assets.xcassets */,
				39DF537B1BDDC15B00CC5947 /* LaunchScreen.storyboard */,
				39DF537E1BDDC15B00CC5947 /* Info.plist */,
				39DF536D1BDDC15B00CC5947 /* Supporting Files */,
			);
			path = ConstraintsInScrollView;
			sourceTree = "<group>";
		};
		39DF536D1BDDC15B00CC5947 /* Supporting Files */ = {
			isa = PBXGroup;
			children = (
				39DF536E1BDDC15B00CC5947 /* main.m */,
			);
			name = "Supporting Files";
			sourceTree = "<group>";
		};
		39DF53861BDDC15B00CC5947 /* ConstraintsInScrollViewTests */ = {
			isa = PBXGroup;
			children = (
				39DF53871BDDC15B00CC5947 /* ConstraintsInScrollViewTests.m */,
				39DF53891BDDC15B00CC5947 /* Info.plist */,
			);
			path = ConstraintsInScrollViewTests;
			sourceTree = "<group>";
		};
		39DF53911BDDC15B00CC5947 /* ConstraintsInScrollViewUITests */ = {
			isa = PBXGroup;
			children = (
				39DF53921BDDC15B00CC5947 /* ConstraintsInScrollViewUITests.m */,
				39DF53941BDDC15B00CC5947 /* Info.plist */,
			);
			path = ConstraintsInScrollViewUITests;
			sourceTree = "<group>";
		};
/* End PBXGroup section */

/* Begin PBXNativeTarget section */
		39DF53691BDDC15B00CC5947 /* ConstraintsInScrollView */ = {
			isa = PBXNativeTarget;
			buildConfigurationList = 39DF53971BDDC15B00CC5947 /* Build configuration list for PBXNativeTarget "ConstraintsInScrollView" */;
			buildPhases = (
				39DF53661BDDC15B00CC5947 /* Sources */,
				39DF53671BDDC15B00CC5947 /* Frameworks */,
				39DF53681BDDC15B00CC5947 /* Resources */,
			);
			buildRules = (
			);
			dependencies = (
			);
			name = ConstraintsInScrollView;
			productName = ConstraintsInScrollView;
			productReference = 39DF536A1BDDC15B00CC5947 /* ConstraintsInScrollView.app */;
			productType = "com.apple.product-type.application";
		};
		39DF53821BDDC15B00CC5947 /* ConstraintsInScrollViewTests */ = {
			isa = PBXNativeTarget;
			buildConfigurationList = 39DF539A1BDDC15B00CC5947 /* Build configuration list for PBXNativeTarget "ConstraintsInScrollViewTests" */;
			buildPhases = (
				39DF537F1BDDC15B00CC5947 /* Sources */,
				39DF53801BDDC15B00CC5947 /* Frameworks */,
				39DF53811BDDC15B00CC5947 /* Resources */,
			);
			buildRules = (
			);
			dependencies = (
				39DF53851BDDC15B00CC5947 /* PBXTargetDependency */,
			);
			name = ConstraintsInScrollViewTests;
			productName = ConstraintsInScrollViewTests;
			productReference = 39DF53831BDDC15B00CC5947 /* ConstraintsInScrollViewTests.xctest */;
			productType = "com.apple.product-type.bundle.unit-test";
		};
		39DF538D1BDDC15B00CC5947 /* ConstraintsInScrollViewUITests */ = {
			isa = PBXNativeTarget;
			buildConfigurationList = 39DF539D1BDDC15B00CC5947 /* Build configuration list for PBXNativeTarget "ConstraintsInScrollViewUITests" */;
			buildPhases = (
				39DF538A1BDDC15B00CC5947 /* Sources */,
				39DF538B1BDDC15B00CC5947 /* Frameworks */,
				39DF538C1BDDC15B00CC5947 /* Resources */,
			);
			buildRules = (
			);
			dependencies = (
				39DF53901BDDC15B00CC5947 /* PBXTargetDependency */,
			);
			name = ConstraintsInScrollViewUITests;
			productName = ConstraintsInScrollViewUITests;
			productReference = 39DF538E1BDDC15B00CC5947 /* ConstraintsInScrollViewUITests.xctest */;
			productType = "com.apple.product-type.bundle.ui-testing";
		};
/* End PBXNativeTarget section */

/* Begin PBXProject section */
		39DF53621BDDC15B00CC5947 /* Project object */ = {
			isa = PBXProject;
			attributes = {
				CLASSPREFIX = CJ;
				LastUpgradeCheck = 0710;
				ORGANIZATIONNAME = jam.chenjun;
				TargetAttributes = {
					39DF53691BDDC15B00CC5947 = {
						CreatedOnToolsVersion = 7.1;
					};
					39DF53821BDDC15B00CC5947 = {
						CreatedOnToolsVersion = 7.1;
						TestTargetID = 39DF53691BDDC15B00CC5947;
					};
					39DF538D1BDDC15B00CC5947 = {
						CreatedOnToolsVersion = 7.1;
						TestTargetID = 39DF53691BDDC15B00CC5947;
					};
				};
			};
			buildConfigurationList = 39DF53651BDDC15B00CC5947 /* Build configuration list for PBXProject "ConstraintsInScrollView" */;
			compatibilityVersion = "Xcode 3.2";
			developmentRegion = English;
			hasScannedForEncodings = 0;
			knownRegions = (
				en,
				Base,
			);
			mainGroup = 39DF53611BDDC15B00CC5947;
			productRefGroup = 39DF536B1BDDC15B00CC5947 /* Products */;
			projectDirPath = "";
			projectRoot = "";
			targets = (
				39DF53691BDDC15B00CC5947 /* ConstraintsInScrollView */,
				39DF53821BDDC15B00CC5947 /* ConstraintsInScrollViewTests */,
				39DF538D1BDDC15B00CC5947 /* ConstraintsInScrollViewUITests */,
			);
		};
/* End PBXProject section */

/* Begin PBXResourcesBuildPhase section */
		39DF53681BDDC15B00CC5947 /* Resources */ = {
			isa = PBXResourcesBuildPhase;
			buildActionMask = 2147483647;
			files = (
				39DF537D1BDDC15B00CC5947 /* LaunchScreen.storyboard in Resources */,
				39DF537A1BDDC15B00CC5947 /* Assets.xcassets in Resources */,
				39DF53A41BDDC22E00CC5947 /* CJMainViewController.xib in Resources */,
			);
			runOnlyForDeploymentPostprocessing = 0;
		};
		39DF53811BDDC15B00CC5947 /* Resources */ = {
			isa = PBXResourcesBuildPhase;
			buildActionMask = 2147483647;
			files = (
			);
			runOnlyForDeploymentPostprocessing = 0;
		};
		39DF538C1BDDC15B00CC5947 /* Resources */ = {
			isa = PBXResourcesBuildPhase;
			buildActionMask = 2147483647;
			files = (
			);
			runOnlyForDeploymentPostprocessing = 0;
		};
/* End PBXResourcesBuildPhase section */

/* Begin PBXSourcesBuildPhase section */
		39DF53661BDDC15B00CC5947 /* Sources */ = {
			isa = PBXSourcesBuildPhase;
			buildActionMask = 2147483647;
			files = (
				39DF53751BDDC15B00CC5947 /* ViewController.m in Sources */,
				39DF53721BDDC15B00CC5947 /* AppDelegate.m in Sources */,
				39DF53A31BDDC22E00CC5947 /* CJMainViewController.m in Sources */,
				39DF536F1BDDC15B00CC5947 /* main.m in Sources */,
			);
			runOnlyForDeploymentPostprocessing = 0;
		};
		39DF537F1BDDC15B00CC5947 /* Sources */ = {
			isa = PBXSourcesBuildPhase;
			buildActionMask = 2147483647;
			files = (
				39DF53881BDDC15B00CC5947 /* ConstraintsInScrollViewTests.m in Sources */,
			);
			runOnlyForDeploymentPostprocessing = 0;
		};
		39DF538A1BDDC15B00CC5947 /* Sources */ = {
			isa = PBXSourcesBuildPhase;
			buildActionMask = 2147483647;
			files = (
				39DF53931BDDC15B00CC5947 /* ConstraintsInScrollViewUITests.m in Sources */,
			);
			runOnlyForDeploymentPostprocessing = 0;
		};
/* End PBXSourcesBuildPhase section */

/* Begin PBXTargetDependency section */
		39DF53851BDDC15B00CC5947 /* PBXTargetDependency */ = {
			isa = PBXTargetDependency;
			target = 39DF53691BDDC15B00CC5947 /* ConstraintsInScrollView */;
			targetProxy = 39DF53841BDDC15B00CC5947 /* PBXContainerItemProxy */;
		};
		39DF53901BDDC15B00CC5947 /* PBXTargetDependency */ = {
			isa = PBXTargetDependency;
			target = 39DF53691BDDC15B00CC5947 /* ConstraintsInScrollView */;
			targetProxy = 39DF538F1BDDC15B00CC5947 /* PBXContainerItemProxy */;
		};
/* End PBXTargetDependency section */

/* Begin PBXVariantGroup section */
		39DF537B1BDDC15B00CC5947 /* LaunchScreen.storyboard */ = {
			isa = PBXVariantGroup;
			children = (
				39DF537C1BDDC15B00CC5947 /* Base */,
			);
			name = LaunchScreen.storyboard;
			sourceTree = "<group>";
		};
/* End PBXVariantGroup section */

/* Begin XCBuildConfiguration section */
		39DF53951BDDC15B00CC5947 /* Debug */ = {
			isa = XCBuildConfiguration;
			buildSettings = {
				ALWAYS_SEARCH_USER_PATHS = NO;
				CLANG_CXX_LANGUAGE_STANDARD = "gnu++0x";
				CLANG_CXX_LIBRARY = "libc++";
				CLANG_ENABLE_MODULES = YES;
				CLANG_ENABLE_OBJC_ARC = YES;
				CLANG_WARN_BOOL_CONVERSION = YES;
				CLANG_WARN_CONSTANT_CONVERSION = YES;
				CLANG_WARN_DIRECT_OBJC_ISA_USAGE = YES_ERROR;
				CLANG_WARN_EMPTY_BODY = YES;
				CLANG_WARN_ENUM_CONVERSION = YES;
				CLANG_WARN_INT_CONVERSION = YES;
				CLANG_WARN_OBJC_ROOT_CLASS = YES_ERROR;
				CLANG_WARN_UNREACHABLE_CODE = YES;
				CLANG_WARN__DUPLICATE_METHOD_MATCH = YES;
				"CODE_SIGN_IDENTITY[sdk=iphoneos*]" = "iPhone Developer";
				COPY_PHASE_STRIP = NO;
				DEBUG_INFORMATION_FORMAT = dwarf;
				ENABLE_STRICT_OBJC_MSGSEND = YES;
				ENABLE_TESTABILITY = YES;
				GCC_C_LANGUAGE_STANDARD = gnu99;
				GCC_DYNAMIC_NO_PIC = NO;
				GCC_NO_COMMON_BLOCKS = YES;
				GCC_OPTIMIZATION_LEVEL = 0;
				GCC_PREPROCESSOR_DEFINITIONS = (
					"DEBUG=1",
					"$(inherited)",
				);
				GCC_WARN_64_TO_32_BIT_CONVERSION = YES;
				GCC_WARN_ABOUT_RETURN_TYPE = YES_ERROR;
				GCC_WARN_UNDECLARED_SELECTOR = YES;
				GCC_WARN_UNINITIALIZED_AUTOS = YES_AGGRESSIVE;
				GCC_WARN_UNUSED_FUNCTION = YES;
				GCC_WARN_UNUSED_VARIABLE = YES;
				IPHONEOS_DEPLOYMENT_TARGET = 9.1;
				MTL_ENABLE_DEBUG_INFO = YES;
				ONLY_ACTIVE_ARCH = YES;
				SDKROOT = iphoneos;
			};
			name = Debug;
		};
		39DF53961BDDC15B00CC5947 /* Release */ = {
			isa = XCBuildConfiguration;
			buildSettings = {
				ALWAYS_SEARCH_USER_PATHS = NO;
				CLANG_CXX_LANGUAGE_STANDARD = "gnu++0x";
				CLANG_CXX_LIBRARY = "libc++";
				CLANG_ENABLE_MODULES = YES;
				CLANG_ENABLE_OBJC_ARC = YES;
				CLANG_WARN_BOOL_CONVERSION = YES;
				CLANG_WARN_CONSTANT_CONVERSION = YES;
				CLANG_WARN_DIRECT_OBJC_ISA_USAGE = YES_ERROR;
				CLANG_WARN_EMPTY_BODY = YES;
				CLANG_WARN_ENUM_CONVERSION = YES;
				CLANG_WARN_INT_CONVERSION = YES;
				CLANG_WARN_OBJC_ROOT_CLASS = YES_ERROR;
				CLANG_WARN_UNREACHABLE_CODE = YES;
				CLANG_WARN__DUPLICATE_METHOD_MATCH = YES;
				"CODE_SIGN_IDENTITY[sdk=iphoneos*]" = "iPhone Developer";
				COPY_PHASE_STRIP = NO;
				DEBUG_INFORMATION_FORMAT = "dwarf-with-dsym";
				ENABLE_NS_ASSERTIONS = NO;
				ENABLE_STRICT_OBJC_MSGSEND = YES;
				GCC_C_LANGUAGE_STANDARD = gnu99;
				GCC_NO_COMMON_BLOCKS = YES;
				GCC_WARN_64_TO_32_BIT_CONVERSION = YES;
				GCC_WARN_ABOUT_RETURN_TYPE = YES_ERROR;
				GCC_WARN_UNDECLARED_SELECTOR = YES;
				GCC_WARN_UNINITIALIZED_AUTOS = YES_AGGRESSIVE;
				GCC_WARN_UNUSED_FUNCTION = YES;
				GCC_WARN_UNUSED_VARIABLE = YES;
				IPHONEOS_DEPLOYMENT_TARGET = 9.1;
				MTL_ENABLE_DEBUG_INFO = NO;
				SDKROOT = iphoneos;
				VALIDATE_PRODUCT = YES;
			};
			name = Release;
		};
		39DF53981BDDC15B00CC5947 /* Debug */ = {
			isa = XCBuildConfiguration;
			buildSettings = {
				ASSETCATALOG_COMPILER_APPICON_NAME = AppIcon;
				INFOPLIST_FILE = ConstraintsInScrollView/Info.plist;
				IPHONEOS_DEPLOYMENT_TARGET = 7.0;
				LD_RUNPATH_SEARCH_PATHS = "$(inherited) @executable_path/Frameworks";
				PRODUCT_BUNDLE_IDENTIFIER = io.github.rob2468.ConstraintsInScrollView;
				PRODUCT_NAME = "$(TARGET_NAME)";
			};
			name = Debug;
		};
		39DF53991BDDC15B00CC5947 /* Release */ = {
			isa = XCBuildConfiguration;
			buildSettings = {
				ASSETCATALOG_COMPILER_APPICON_NAME = AppIcon;
				INFOPLIST_FILE = ConstraintsInScrollView/Info.plist;
				IPHONEOS_DEPLOYMENT_TARGET = 7.0;
				LD_RUNPATH_SEARCH_PATHS = "$(inherited) @executable_path/Frameworks";
				PRODUCT_BUNDLE_IDENTIFIER = io.github.rob2468.ConstraintsInScrollView;
				PRODUCT_NAME = "$(TARGET_NAME)";
			};
			name = Release;
		};
		39DF539B1BDDC15B00CC5947 /* Debug */ = {
			isa = XCBuildConfiguration;
			buildSettings = {
				BUNDLE_LOADER = "$(TEST_HOST)";
				INFOPLIST_FILE = ConstraintsInScrollViewTests/Info.plist;
				LD_RUNPATH_SEARCH_PATHS = "$(inherited) @executable_path/Frameworks @loader_path/Frameworks";
				PRODUCT_BUNDLE_IDENTIFIER = io.github.rob2468.ConstraintsInScrollViewTests;
				PRODUCT_NAME = "$(TARGET_NAME)";
				TEST_HOST = "$(BUILT_PRODUCTS_DIR)/ConstraintsInScrollView.app/ConstraintsInScrollView";
			};
			name = Debug;
		};
		39DF539C1BDDC15B00CC5947 /* Release */ = {
			isa = XCBuildConfiguration;
			buildSettings = {
				BUNDLE_LOADER = "$(TEST_HOST)";
				INFOPLIST_FILE = ConstraintsInScrollViewTests/Info.plist;
				LD_RUNPATH_SEARCH_PATHS = "$(inherited) @executable_path/Frameworks @loader_path/Frameworks";
				PRODUCT_BUNDLE_IDENTIFIER = io.github.rob2468.ConstraintsInScrollViewTests;
				PRODUCT_NAME = "$(TARGET_NAME)";
				TEST_HOST = "$(BUILT_PRODUCTS_DIR)/ConstraintsInScrollView.app/ConstraintsInScrollView";
			};
			name = Release;
		};
		39DF539E1BDDC15B00CC5947 /* Debug */ = {
			isa = XCBuildConfiguration;
			buildSettings = {
				INFOPLIST_FILE = ConstraintsInScrollViewUITests/Info.plist;
				LD_RUNPATH_SEARCH_PATHS = "$(inherited) @executable_path/Frameworks @loader_path/Frameworks";
				PRODUCT_BUNDLE_IDENTIFIER = io.github.rob2468.ConstraintsInScrollViewUITests;
				PRODUCT_NAME = "$(TARGET_NAME)";
				TEST_TARGET_NAME = ConstraintsInScrollView;
				USES_XCTRUNNER = YES;
			};
			name = Debug;
		};
		39DF539F1BDDC15B00CC5947 /* Release */ = {
			isa = XCBuildConfiguration;
			buildSettings = {
				INFOPLIST_FILE = ConstraintsInScrollViewUITests/Info.plist;
				LD_RUNPATH_SEARCH_PATHS = "$(inherited) @executable_path/Frameworks @loader_path/Frameworks";
				PRODUCT_BUNDLE_IDENTIFIER = io.github.rob2468.ConstraintsInScrollViewUITests;
				PRODUCT_NAME = "$(TARGET_NAME)";
				TEST_TARGET_NAME = ConstraintsInScrollView;
				USES_XCTRUNNER = YES;
			};
			name = Release;
		};
/* End XCBuildConfiguration section */

/* Begin XCConfigurationList section */
		39DF53651BDDC15B00CC5947 /* Build configuration list for PBXProject "ConstraintsInScrollView" */ = {
			isa = XCConfigurationList;
			buildConfigurations = (
				39DF53951BDDC15B00CC5947 /* Debug */,
				39DF53961BDDC15B00CC5947 /* Release */,
			);
			defaultConfigurationIsVisible = 0;
			defaultConfigurationName = Release;
		};
		39DF53971BDDC15B00CC5947 /* Build configuration list for PBXNativeTarget "ConstraintsInScrollView" */ = {
			isa = XCConfigurationList;
			buildConfigurations = (
				39DF53981BDDC15B00CC5947 /* Debug */,
				39DF53991BDDC15B00CC5947 /* Release */,
			);
			defaultConfigurationIsVisible = 0;
		};
		39DF539A1BDDC15B00CC5947 /* Build configuration list for PBXNativeTarget "ConstraintsInScrollViewTests" */ = {
			isa = XCConfigurationList;
			buildConfigurations = (
				39DF539B1BDDC15B00CC5947 /* Debug */,
				39DF539C1BDDC15B00CC5947 /* Release */,
			);
			defaultConfigurationIsVisible = 0;
		};
		39DF539D1BDDC15B00CC5947 /* Build configuration list for PBXNativeTarget "ConstraintsInScrollViewUITests" */ = {
			isa = XCConfigurationList;
			buildConfigurations = (
				39DF539E1BDDC15B00CC5947 /* Debug */,
				39DF539F1BDDC15B00CC5947 /* Release */,
			);
			defaultConfigurationIsVisible = 0;
		};
/* End XCConfigurationList section */
	};
	rootObject = 39DF53621BDDC15B00CC5947 /* Project object */;
}
